// !$*UTF8*$!
{
	archiveVersion = 1;
	classes = {
	};
	objectVersion = 55;
	objects = {

/* Begin PBXBuildFile section */
		21DF0EDA287DA22A004FE679 /* NavigateWithSwiftUIV2App.swift in Sources */ = {isa = PBXBuildFile; fileRef = 21DF0ED9287DA22A004FE679 /* NavigateWithSwiftUIV2App.swift */; };
		21DF0EDC287DA22A004FE679 /* ContentView.swift in Sources */ = {isa = PBXBuildFile; fileRef = 21DF0EDB287DA22A004FE679 /* ContentView.swift */; };
		21DF0EDE287DA22C004FE679 /* Assets.xcassets in Resources */ = {isa = PBXBuildFile; fileRef = 21DF0EDD287DA22C004FE679 /* Assets.xcassets */; };
		21DF0EE1287DA22C004FE679 /* Preview Assets.xcassets in Resources */ = {isa = PBXBuildFile; fileRef = 21DF0EE0287DA22C004FE679 /* Preview Assets.xcassets */; };
		21DF0EEB287DA22C004FE679 /* NavigateWithSwiftUIV2Tests.swift in Sources */ = {isa = PBXBuildFile; fileRef = 21DF0EEA287DA22C004FE679 /* NavigateWithSwiftUIV2Tests.swift */; };
		21DF0EF5287DA22C004FE679 /* NavigateWithSwiftUIV2UITests.swift in Sources */ = {isa = PBXBuildFile; fileRef = 21DF0EF4287DA22C004FE679 /* NavigateWithSwiftUIV2UITests.swift */; };
		21DF0EF7287DA22C004FE679 /* NavigateWithSwiftUIV2UITestsLaunchTests.swift in Sources */ = {isa = PBXBuildFile; fileRef = 21DF0EF6287DA22C004FE679 /* NavigateWithSwiftUIV2UITestsLaunchTests.swift */; };
/* End PBXBuildFile section */

/* Begin PBXContainerItemProxy section */
		21DF0EE7287DA22C004FE679 /* PBXContainerItemProxy */ = {
			isa = PBXContainerItemProxy;
			containerPortal = 21DF0ECE287DA22A004FE679 /* Project object */;
			proxyType = 1;
			remoteGlobalIDString = 21DF0ED5287DA22A004FE679;
			remoteInfo = NavigateWithSwiftUIV2;
		};
		21DF0EF1287DA22C004FE679 /* PBXContainerItemProxy */ = {
			isa = PBXContainerItemProxy;
			containerPortal = 21DF0ECE287DA22A004FE679 /* Project object */;
			proxyType = 1;
			remoteGlobalIDString = 21DF0ED5287DA22A004FE679;
			remoteInfo = NavigateWithSwiftUIV2;
		};
/* End PBXContainerItemProxy section */

/* Begin PBXFileReference section */
		21DF0ED6287DA22A004FE679 /* NavigateWithSwiftUIV2.app */ = {isa = PBXFileReference; explicitFileType = wrapper.application; includeInIndex = 0; path = NavigateWithSwiftUIV2.app; sourceTree = BUILT_PRODUCTS_DIR; };
		21DF0ED9287DA22A004FE679 /* NavigateWithSwiftUIV2App.swift */ = {isa = PBXFileReference; lastKnownFileType = sourcecode.swift; path = NavigateWithSwiftUIV2App.swift; sourceTree = "<group>"; };
		21DF0EDB287DA22A004FE679 /* ContentView.swift */ = {isa = PBXFileReference; lastKnownFileType = sourcecode.swift; path = ContentView.swift; sourceTree = "<group>"; };
		21DF0EDD287DA22C004FE679 /* Assets.xcassets */ = {isa = PBXFileReference; lastKnownFileType = folder.assetcatalog; path = Assets.xcassets; sourceTree = "<group>"; };
		21DF0EE0287DA22C004FE679 /* Preview Assets.xcassets */ = {isa = PBXFileReference; lastKnownFileType = folder.assetcatalog; path = "Preview Assets.xcassets"; sourceTree = "<group>"; };
		21DF0EE6287DA22C004FE679 /* NavigateWithSwiftUIV2Tests.xctest */ = {isa = PBXFileReference; explicitFileType = wrapper.cfbundle; includeInIndex = 0; path = NavigateWithSwiftUIV2Tests.xctest; sourceTree = BUILT_PRODUCTS_DIR; };
		21DF0EEA287DA22C004FE679 /* NavigateWithSwiftUIV2Tests.swift */ = {isa = PBXFileReference; lastKnownFileType = sourcecode.swift; path = NavigateWithSwiftUIV2Tests.swift; sourceTree = "<group>"; };
		21DF0EF0287DA22C004FE679 /* NavigateWithSwiftUIV2UITests.xctest */ = {isa = PBXFileReference; explicitFileType = wrapper.cfbundle; includeInIndex = 0; path = NavigateWithSwiftUIV2UITests.xctest; sourceTree = BUILT_PRODUCTS_DIR; };
		21DF0EF4287DA22C004FE679 /* NavigateWithSwiftUIV2UITests.swift */ = {isa = PBXFileReference; lastKnownFileType = sourcecode.swift; path = NavigateWithSwiftUIV2UITests.swift; sourceTree = "<group>"; };
		21DF0EF6287DA22C004FE679 /* NavigateWithSwiftUIV2UITestsLaunchTests.swift */ = {isa = PBXFileReference; lastKnownFileType = sourcecode.swift; path = NavigateWithSwiftUIV2UITestsLaunchTests.swift; sourceTree = "<group>"; };
/* End PBXFileReference section */

/* Begin PBXFrameworksBuildPhase section */
		21DF0ED3287DA22A004FE679 /* Frameworks */ = {
			isa = PBXFrameworksBuildPhase;
			buildActionMask = 2147483647;
			files = (
			);
			runOnlyForDeploymentPostprocessing = 0;
		};
		21DF0EE3287DA22C004FE679 /* Frameworks */ = {
			isa = PBXFrameworksBuildPhase;
			buildActionMask = 2147483647;
			files = (
			);
			runOnlyForDeploymentPostprocessing = 0;
		};
		21DF0EED287DA22C004FE679 /* Frameworks */ = {
			isa = PBXFrameworksBuildPhase;
			buildActionMask = 2147483647;
			files = (
			);
			runOnlyForDeploymentPostprocessing = 0;
		};
/* End PBXFrameworksBuildPhase section */

/* Begin PBXGroup section */
		21DF0ECD287DA22A004FE679 = {
			isa = PBXGroup;
			children = (
				21DF0ED8287DA22A004FE679 /* NavigateWithSwiftUIV2 */,
				21DF0EE9287DA22C004FE679 /* NavigateWithSwiftUIV2Tests */,
				21DF0EF3287DA22C004FE679 /* NavigateWithSwiftUIV2UITests */,
				21DF0ED7287DA22A004FE679 /* Products */,
			);
			sourceTree = "<group>";
		};
		21DF0ED7287DA22A004FE679 /* Products */ = {
			isa = PBXGroup;
			children = (
				21DF0ED6287DA22A004FE679 /* NavigateWithSwiftUIV2.app */,
				21DF0EE6287DA22C004FE679 /* NavigateWithSwiftUIV2Tests.xctest */,
				21DF0EF0287DA22C004FE679 /* NavigateWithSwiftUIV2UITests.xctest */,
			);
			name = Products;
			sourceTree = "<group>";
		};
		21DF0ED8287DA22A004FE679 /* NavigateWithSwiftUIV2 */ = {
			isa = PBXGroup;
			children = (
				21DF0ED9287DA22A004FE679 /* NavigateWithSwiftUIV2App.swift */,
				21DF0EDB287DA22A004FE679 /* ContentView.swift */,
				21DF0EDD287DA22C004FE679 /* Assets.xcassets */,
				21DF0EDF287DA22C004FE679 /* Preview Content */,
			);
			path = NavigateWithSwiftUIV2;
			sourceTree = "<group>";
		};
		21DF0EDF287DA22C004FE679 /* Preview Content */ = {
			isa = PBXGroup;
			children = (
				21DF0EE0287DA22C004FE679 /* Preview Assets.xcassets */,
			);
			path = "Preview Content";
			sourceTree = "<group>";
		};
		21DF0EE9287DA22C004FE679 /* NavigateWithSwiftUIV2Tests */ = {
			isa = PBXGroup;
			children = (
				21DF0EEA287DA22C004FE679 /* NavigateWithSwiftUIV2Tests.swift */,
			);
			path = NavigateWithSwiftUIV2Tests;
			sourceTree = "<group>";
		};
		21DF0EF3287DA22C004FE679 /* NavigateWithSwiftUIV2UITests */ = {
			isa = PBXGroup;
			children = (
				21DF0EF4287DA22C004FE679 /* NavigateWithSwiftUIV2UITests.swift */,
				21DF0EF6287DA22C004FE679 /* NavigateWithSwiftUIV2UITestsLaunchTests.swift */,
			);
			path = NavigateWithSwiftUIV2UITests;
			sourceTree = "<group>";
		};
/* End PBXGroup section */

/* Begin PBXNativeTarget section */
		21DF0ED5287DA22A004FE679 /* NavigateWithSwiftUIV2 */ = {
			isa = PBXNativeTarget;
			buildConfigurationList = 21DF0EFA287DA22D004FE679 /* Build configuration list for PBXNativeTarget "NavigateWithSwiftUIV2" */;
			buildPhases = (
				21DF0ED2287DA22A004FE679 /* Sources */,
				21DF0ED3287DA22A004FE679 /* Frameworks */,
				21DF0ED4287DA22A004FE679 /* Resources */,
			);
			buildRules = (
			);
			dependencies = (
			);
			name = NavigateWithSwiftUIV2;
			productName = NavigateWithSwiftUIV2;
			productReference = 21DF0ED6287DA22A004FE679 /* NavigateWithSwiftUIV2.app */;
			productType = "com.apple.product-type.application";
		};
		21DF0EE5287DA22C004FE679 /* NavigateWithSwiftUIV2Tests */ = {
			isa = PBXNativeTarget;
			buildConfigurationList = 21DF0EFD287DA22D004FE679 /* Build configuration list for PBXNativeTarget "NavigateWithSwiftUIV2Tests" */;
			buildPhases = (
				21DF0EE2287DA22C004FE679 /* Sources */,
				21DF0EE3287DA22C004FE679 /* Frameworks */,
				21DF0EE4287DA22C004FE679 /* Resources */,
			);
			buildRules = (
			);
			dependencies = (
				21DF0EE8287DA22C004FE679 /* PBXTargetDependency */,
			);
			name = NavigateWithSwiftUIV2Tests;
			productName = NavigateWithSwiftUIV2Tests;
			productReference = 21DF0EE6287DA22C004FE679 /* NavigateWithSwiftUIV2Tests.xctest */;
			productType = "com.apple.product-type.bundle.unit-test";
		};
		21DF0EEF287DA22C004FE679 /* NavigateWithSwiftUIV2UITests */ = {
			isa = PBXNativeTarget;
			buildConfigurationList = 21DF0F00287DA22D004FE679 /* Build configuration list for PBXNativeTarget "NavigateWithSwiftUIV2UITests" */;
			buildPhases = (
				21DF0EEC287DA22C004FE679 /* Sources */,
				21DF0EED287DA22C004FE679 /* Frameworks */,
				21DF0EEE287DA22C004FE679 /* Resources */,
			);
			buildRules = (
			);
			dependencies = (
				21DF0EF2287DA22C004FE679 /* PBXTargetDependency */,
			);
			name = NavigateWithSwiftUIV2UITests;
			productName = NavigateWithSwiftUIV2UITests;
			productReference = 21DF0EF0287DA22C004FE679 /* NavigateWithSwiftUIV2UITests.xctest */;
			productType = "com.apple.product-type.bundle.ui-testing";
		};
/* End PBXNativeTarget section */

/* Begin PBXProject section */
		21DF0ECE287DA22A004FE679 /* Project object */ = {
			isa = PBXProject;
			attributes = {
				BuildIndependentTargetsInParallel = 1;
				LastSwiftUpdateCheck = 1330;
				LastUpgradeCheck = 1330;
				TargetAttributes = {
					21DF0ED5287DA22A004FE679 = {
						CreatedOnToolsVersion = 13.3;
					};
					21DF0EE5287DA22C004FE679 = {
						CreatedOnToolsVersion = 13.3;
						TestTargetID = 21DF0ED5287DA22A004FE679;
					};
					21DF0EEF287DA22C004FE679 = {
						CreatedOnToolsVersion = 13.3;
						TestTargetID = 21DF0ED5287DA22A004FE679;
					};
				};
			};
			buildConfigurationList = 21DF0ED1287DA22A004FE679 /* Build configuration list for PBXProject "NavigateWithSwiftUIV2" */;
			compatibilityVersion = "Xcode 13.0";
			developmentRegion = en;
			hasScannedForEncodings = 0;
			knownRegions = (
				en,
				Base,
			);
			mainGroup = 21DF0ECD287DA22A004FE679;
			productRefGroup = 21DF0ED7287DA22A004FE679 /* Products */;
			projectDirPath = "";
			projectRoot = "";
			targets = (
				21DF0ED5287DA22A004FE679 /* NavigateWithSwiftUIV2 */,
				21DF0EE5287DA22C004FE679 /* NavigateWithSwiftUIV2Tests */,
				21DF0EEF287DA22C004FE679 /* NavigateWithSwiftUIV2UITests */,
			);
		};
/* End PBXProject section */

/* Begin PBXResourcesBuildPhase section */
		21DF0ED4287DA22A004FE679 /* Resources */ = {
			isa = PBXResourcesBuildPhase;
			buildActionMask = 2147483647;
			files = (
				21DF0EE1287DA22C004FE679 /* Preview Assets.xcassets in Resources */,
				21DF0EDE287DA22C004FE679 /* Assets.xcassets in Resources */,
			);
			runOnlyForDeploymentPostprocessing = 0;
		};
		21DF0EE4287DA22C004FE679 /* Resources */ = {
			isa = PBXResourcesBuildPhase;
			buildActionMask = 2147483647;
			files = (
			);
			runOnlyForDeploymentPostprocessing = 0;
		};
		21DF0EEE287DA22C004FE679 /* Resources */ = {
			isa = PBXResourcesBuildPhase;
			buildActionMask = 2147483647;
			files = (
			);
			runOnlyForDeploymentPostprocessing = 0;
		};
/* End PBXResourcesBuildPhase section */

/* Begin PBXSourcesBuildPhase section */
		21DF0ED2287DA22A004FE679 /* Sources */ = {
			isa = PBXSourcesBuildPhase;
			buildActionMask = 2147483647;
			files = (
				21DF0EDC287DA22A004FE679 /* ContentView.swift in Sources */,
				21DF0EDA287DA22A004FE679 /* NavigateWithSwiftUIV2App.swift in Sources */,
			);
			runOnlyForDeploymentPostprocessing = 0;
		};
		21DF0EE2287DA22C004FE679 /* Sources */ = {
			isa = PBXSourcesBuildPhase;
			buildActionMask = 2147483647;
			files = (
				21DF0EEB287DA22C004FE679 /* NavigateWithSwiftUIV2Tests.swift in Sources */,
			);
			runOnlyForDeploymentPostprocessing = 0;
		};
		21DF0EEC287DA22C004FE679 /* Sources */ = {
			isa = PBXSourcesBuildPhase;
			buildActionMask = 2147483647;
			files = (
				21DF0EF5287DA22C004FE679 /* NavigateWithSwiftUIV2UITests.swift in Sources */,
				21DF0EF7287DA22C004FE679 /* NavigateWithSwiftUIV2UITestsLaunchTests.swift in Sources */,
			);
			runOnlyForDeploymentPostprocessing = 0;
		};
/* End PBXSourcesBuildPhase section */

/* Begin PBXTargetDependency section */
		21DF0EE8287DA22C004FE679 /* PBXTargetDependency */ = {
			isa = PBXTargetDependency;
			target = 21DF0ED5287DA22A004FE679 /* NavigateWithSwiftUIV2 */;
			targetProxy = 21DF0EE7287DA22C004FE679 /* PBXContainerItemProxy */;
		};
		21DF0EF2287DA22C004FE679 /* PBXTargetDependency */ = {
			isa = PBXTargetDependency;
			target = 21DF0ED5287DA22A004FE679 /* NavigateWithSwiftUIV2 */;
			targetProxy = 21DF0EF1287DA22C004FE679 /* PBXContainerItemProxy */;
		};
/* End PBXTargetDependency section */

/* Begin XCBuildConfiguration section */
		21DF0EF8287DA22D004FE679 /* Debug */ = {
			isa = XCBuildConfiguration;
			buildSettings = {
				ALWAYS_SEARCH_USER_PATHS = NO;
				CLANG_ANALYZER_NONNULL = YES;
				CLANG_ANALYZER_NUMBER_OBJECT_CONVERSION = YES_AGGRESSIVE;
				CLANG_CXX_LANGUAGE_STANDARD = "gnu++17";
				CLANG_ENABLE_MODULES = YES;
				CLANG_ENABLE_OBJC_ARC = YES;
				CLANG_ENABLE_OBJC_WEAK = YES;
				CLANG_WARN_BLOCK_CAPTURE_AUTORELEASING = YES;
				CLANG_WARN_BOOL_CONVERSION = YES;
				CLANG_WARN_COMMA = YES;
				CLANG_WARN_CONSTANT_CONVERSION = YES;
				CLANG_WARN_DEPRECATED_OBJC_IMPLEMENTATIONS = YES;
				CLANG_WARN_DIRECT_OBJC_ISA_USAGE = YES_ERROR;
				CLANG_WARN_DOCUMENTATION_COMMENTS = YES;
				CLANG_WARN_EMPTY_BODY = YES;
				CLANG_WARN_ENUM_CONVERSION = YES;
				CLANG_WARN_INFINITE_RECURSION = YES;
				CLANG_WARN_INT_CONVERSION = YES;
				CLANG_WARN_NON_LITERAL_NULL_CONVERSION = YES;
				CLANG_WARN_OBJC_IMPLICIT_RETAIN_SELF = YES;
				CLANG_WARN_OBJC_LITERAL_CONVERSION = YES;
				CLANG_WARN_OBJC_ROOT_CLASS = YES_ERROR;
				CLANG_WARN_QUOTED_INCLUDE_IN_FRAMEWORK_HEADER = YES;
				CLANG_WARN_RANGE_LOOP_ANALYSIS = YES;
				CLANG_WARN_STRICT_PROTOTYPES = YES;
				CLANG_WARN_SUSPICIOUS_MOVE = YES;
				CLANG_WARN_UNGUARDED_AVAILABILITY = YES_AGGRESSIVE;
				CLANG_WARN_UNREACHABLE_CODE = YES;
				CLANG_WARN__DUPLICATE_METHOD_MATCH = YES;
				COPY_PHASE_STRIP = NO;
				DEBUG_INFORMATION_FORMAT = dwarf;
				ENABLE_STRICT_OBJC_MSGSEND = YES;
				ENABLE_TESTABILITY = YES;
				GCC_C_LANGUAGE_STANDARD = gnu11;
				GCC_DYNAMIC_NO_PIC = NO;
				GCC_NO_COMMON_BLOCKS = YES;
				GCC_OPTIMIZATION_LEVEL = 0;
				GCC_PREPROCESSOR_DEFINITIONS = (
					"DEBUG=1",
					"$(inherited)",
				);
				GCC_WARN_64_TO_32_BIT_CONVERSION = YES;
				GCC_WARN_ABOUT_RETURN_TYPE = YES_ERROR;
				GCC_WARN_UNDECLARED_SELECTOR = YES;
				GCC_WARN_UNINITIALIZED_AUTOS = YES_AGGRESSIVE;
				GCC_WARN_UNUSED_FUNCTION = YES;
				GCC_WARN_UNUSED_VARIABLE = YES;
				IPHONEOS_DEPLOYMENT_TARGET = 15.4;
				MTL_ENABLE_DEBUG_INFO = INCLUDE_SOURCE;
				MTL_FAST_MATH = YES;
				ONLY_ACTIVE_ARCH = YES;
				SDKROOT = iphoneos;
				SWIFT_ACTIVE_COMPILATION_CONDITIONS = DEBUG;
				SWIFT_OPTIMIZATION_LEVEL = "-Onone";
			};
			name = Debug;
		};
		21DF0EF9287DA22D004FE679 /* Release */ = {
			isa = XCBuildConfiguration;
			buildSettings = {
				ALWAYS_SEARCH_USER_PATHS = NO;
				CLANG_ANALYZER_NONNULL = YES;
				CLANG_ANALYZER_NUMBER_OBJECT_CONVERSION = YES_AGGRESSIVE;
				CLANG_CXX_LANGUAGE_STANDARD = "gnu++17";
				CLANG_ENABLE_MODULES = YES;
				CLANG_ENABLE_OBJC_ARC = YES;
				CLANG_ENABLE_OBJC_WEAK = YES;
				CLANG_WARN_BLOCK_CAPTURE_AUTORELEASING = YES;
				CLANG_WARN_BOOL_CONVERSION = YES;
				CLANG_WARN_COMMA = YES;
				CLANG_WARN_CONSTANT_CONVERSION = YES;
				CLANG_WARN_DEPRECATED_OBJC_IMPLEMENTATIONS = YES;
				CLANG_WARN_DIRECT_OBJC_ISA_USAGE = YES_ERROR;
				CLANG_WARN_DOCUMENTATION_COMMENTS = YES;
				CLANG_WARN_EMPTY_BODY = YES;
				CLANG_WARN_ENUM_CONVERSION = YES;
				CLANG_WARN_INFINITE_RECURSION = YES;
				CLANG_WARN_INT_CONVERSION = YES;
				CLANG_WARN_NON_LITERAL_NULL_CONVERSION = YES;
				CLANG_WARN_OBJC_IMPLICIT_RETAIN_SELF = YES;
				CLANG_WARN_OBJC_LITERAL_CONVERSION = YES;
				CLANG_WARN_OBJC_ROOT_CLASS = YES_ERROR;
				CLANG_WARN_QUOTED_INCLUDE_IN_FRAMEWORK_HEADER = YES;
				CLANG_WARN_RANGE_LOOP_ANALYSIS = YES;
				CLANG_WARN_STRICT_PROTOTYPES = YES;
				CLANG_WARN_SUSPICIOUS_MOVE = YES;
				CLANG_WARN_UNGUARDED_AVAILABILITY = YES_AGGRESSIVE;
				CLANG_WARN_UNREACHABLE_CODE = YES;
				CLANG_WARN__DUPLICATE_METHOD_MATCH = YES;
				COPY_PHASE_STRIP = NO;
				DEBUG_INFORMATION_FORMAT = "dwarf-with-dsym";
				ENABLE_NS_ASSERTIONS = NO;
				ENABLE_STRICT_OBJC_MSGSEND = YES;
				GCC_C_LANGUAGE_STANDARD = gnu11;
				GCC_NO_COMMON_BLOCKS = YES;
				GCC_WARN_64_TO_32_BIT_CONVERSION = YES;
				GCC_WARN_ABOUT_RETURN_TYPE = YES_ERROR;
				GCC_WARN_UNDECLARED_SELECTOR = YES;
				GCC_WARN_UNINITIALIZED_AUTOS = YES_AGGRESSIVE;
				GCC_WARN_UNUSED_FUNCTION = YES;
				GCC_WARN_UNUSED_VARIABLE = YES;
				IPHONEOS_DEPLOYMENT_TARGET = 15.4;
				MTL_ENABLE_DEBUG_INFO = NO;
				MTL_FAST_MATH = YES;
				SDKROOT = iphoneos;
				SWIFT_COMPILATION_MODE = wholemodule;
				SWIFT_OPTIMIZATION_LEVEL = "-O";
				VALIDATE_PRODUCT = YES;
			};
			name = Release;
		};
		21DF0EFB287DA22D004FE679 /* Debug */ = {
			isa = XCBuildConfiguration;
			buildSettings = {
				ASSETCATALOG_COMPILER_APPICON_NAME = AppIcon;
				ASSETCATALOG_COMPILER_GLOBAL_ACCENT_COLOR_NAME = AccentColor;
				CODE_SIGN_STYLE = Automatic;
				CURRENT_PROJECT_VERSION = 1;
				DEVELOPMENT_ASSET_PATHS = "\"NavigateWithSwiftUIV2/Preview Content\"";
				DEVELOPMENT_TEAM = 6UWE2EP59T;
				ENABLE_PREVIEWS = YES;
				GENERATE_INFOPLIST_FILE = YES;
				INFOPLIST_KEY_UIApplicationSceneManifest_Generation = YES;
				INFOPLIST_KEY_UIApplicationSupportsIndirectInputEvents = YES;
				INFOPLIST_KEY_UILaunchScreen_Generation = YES;
				INFOPLIST_KEY_UISupportedInterfaceOrientations_iPad = "UIInterfaceOrientationPortrait UIInterfaceOrientationPortraitUpsideDown UIInterfaceOrientationLandscapeLeft UIInterfaceOrientationLandscapeRight";
				INFOPLIST_KEY_UISupportedInterfaceOrientations_iPhone = "UIInterfaceOrientationPortrait UIInterfaceOrientationLandscapeLeft UIInterfaceOrientationLandscapeRight";
				LD_RUNPATH_SEARCH_PATHS = (
					"$(inherited)",
					"@executable_path/Frameworks",
				);
				MARKETING_VERSION = 1.0;
				PRODUCT_BUNDLE_IDENTIFIER = me.vienn.NavigateWithSwiftUIV2;
				PRODUCT_NAME = "$(TARGET_NAME)";
				SWIFT_EMIT_LOC_STRINGS = YES;
				SWIFT_VERSION = 5.0;
				TARGETED_DEVICE_FAMILY = "1,2";
			};
			name = Debug;
		};
		21DF0EFC287DA22D004FE679 /* Release */ = {
			isa = XCBuildConfiguration;
			buildSettings = {
				ASSETCATALOG_COMPILER_APPICON_NAME = AppIcon;
				ASSETCATALOG_COMPILER_GLOBAL_ACCENT_COLOR_NAME = AccentColor;
				CODE_SIGN_STYLE = Automatic;
				CURRENT_PROJECT_VERSION = 1;
				DEVELOPMENT_ASSET_PATHS = "\"NavigateWithSwiftUIV2/Preview Content\"";
				DEVELOPMENT_TEAM = 6UWE2EP59T;
				ENABLE_PREVIEWS = YES;
				GENERATE_INFOPLIST_FILE = YES;
				INFOPLIST_KEY_UIApplicationSceneManifest_Generation = YES;
				INFOPLIST_KEY_UIApplicationSupportsIndirectInputEvents = YES;
				INFOPLIST_KEY_UILaunchScreen_Generation = YES;
				INFOPLIST_KEY_UISupportedInterfaceOrientations_iPad = "UIInterfaceOrientationPortrait UIInterfaceOrientationPortraitUpsideDown UIInterfaceOrientationLandscapeLeft UIInterfaceOrientationLandscapeRight";
				INFOPLIST_KEY_UISupportedInterfaceOrientations_iPhone = "UIInterfaceOrientationPortrait UIInterfaceOrientationLandscapeLeft UIInterfaceOrientationLandscapeRight";
				LD_RUNPATH_SEARCH_PATHS = (
					"$(inherited)",
					"@executable_path/Frameworks",
				);
				MARKETING_VERSION = 1.0;
				PRODUCT_BUNDLE_IDENTIFIER = me.vienn.NavigateWithSwiftUIV2;
				PRODUCT_NAME = "$(TARGET_NAME)";
				SWIFT_EMIT_LOC_STRINGS = YES;
				SWIFT_VERSION = 5.0;
				TARGETED_DEVICE_FAMILY = "1,2";
			};
			name = Release;
		};
		21DF0EFE287DA22D004FE679 /* Debug */ = {
			isa = XCBuildConfiguration;
			buildSettings = {
				ALWAYS_EMBED_SWIFT_STANDARD_LIBRARIES = YES;
				BUNDLE_LOADER = "$(TEST_HOST)";
				CODE_SIGN_STYLE = Automatic;
				CURRENT_PROJECT_VERSION = 1;
				DEVELOPMENT_TEAM = 6UWE2EP59T;
				GENERATE_INFOPLIST_FILE = YES;
				IPHONEOS_DEPLOYMENT_TARGET = 15.4;
				MARKETING_VERSION = 1.0;
				PRODUCT_BUNDLE_IDENTIFIER = me.vienn.NavigateWithSwiftUIV2Tests;
				PRODUCT_NAME = "$(TARGET_NAME)";
				SWIFT_EMIT_LOC_STRINGS = NO;
				SWIFT_VERSION = 5.0;
				TARGETED_DEVICE_FAMILY = "1,2";
				TEST_HOST = "$(BUILT_PRODUCTS_DIR)/NavigateWithSwiftUIV2.app/NavigateWithSwiftUIV2";
			};
			name = Debug;
		};
		21DF0EFF287DA22D004FE679 /* Release */ = {
			isa = XCBuildConfiguration;
			buildSettings = {
				ALWAYS_EMBED_SWIFT_STANDARD_LIBRARIES = YES;
				BUNDLE_LOADER = "$(TEST_HOST)";
				CODE_SIGN_STYLE = Automatic;
				CURRENT_PROJECT_VERSION = 1;
				DEVELOPMENT_TEAM = 6UWE2EP59T;
				GENERATE_INFOPLIST_FILE = YES;
				IPHONEOS_DEPLOYMENT_TARGET = 15.4;
				MARKETING_VERSION = 1.0;
				PRODUCT_BUNDLE_IDENTIFIER = me.vienn.NavigateWithSwiftUIV2Tests;
				PRODUCT_NAME = "$(TARGET_NAME)";
				SWIFT_EMIT_LOC_STRINGS = NO;
				SWIFT_VERSION = 5.0;
				TARGETED_DEVICE_FAMILY = "1,2";
				TEST_HOST = "$(BUILT_PRODUCTS_DIR)/NavigateWithSwiftUIV2.app/NavigateWithSwiftUIV2";
			};
			name = Release;
		};
		21DF0F01287DA22D004FE679 /* Debug */ = {
			isa = XCBuildConfiguration;
			buildSettings = {
				ALWAYS_EMBED_SWIFT_STANDARD_LIBRARIES = YES;
				CODE_SIGN_STYLE = Automatic;
				CURRENT_PROJECT_VERSION = 1;
				DEVELOPMENT_TEAM = 6UWE2EP59T;
				GENERATE_INFOPLIST_FILE = YES;
				MARKETING_VERSION = 1.0;
				PRODUCT_BUNDLE_IDENTIFIER = me.vienn.NavigateWithSwiftUIV2UITests;
				PRODUCT_NAME = "$(TARGET_NAME)";
				SWIFT_EMIT_LOC_STRINGS = NO;
				SWIFT_VERSION = 5.0;
				TARGETED_DEVICE_FAMILY = "1,2";
				TEST_TARGET_NAME = NavigateWithSwiftUIV2;
			};
			name = Debug;
		};
		21DF0F02287DA22D004FE679 /* Release */ = {
			isa = XCBuildConfiguration;
			buildSettings = {
				ALWAYS_EMBED_SWIFT_STANDARD_LIBRARIES = YES;
				CODE_SIGN_STYLE = Automatic;
				CURRENT_PROJECT_VERSION = 1;
				DEVELOPMENT_TEAM = 6UWE2EP59T;
				GENERATE_INFOPLIST_FILE = YES;
				MARKETING_VERSION = 1.0;
				PRODUCT_BUNDLE_IDENTIFIER = me.vienn.NavigateWithSwiftUIV2UITests;
				PRODUCT_NAME = "$(TARGET_NAME)";
				SWIFT_EMIT_LOC_STRINGS = NO;
				SWIFT_VERSION = 5.0;
				TARGETED_DEVICE_FAMILY = "1,2";
				TEST_TARGET_NAME = NavigateWithSwiftUIV2;
			};
			name = Release;
		};
/* End XCBuildConfiguration section */

/* Begin XCConfigurationList section */
		21DF0ED1287DA22A004FE679 /* Build configuration list for PBXProject "NavigateWithSwiftUIV2" */ = {
			isa = XCConfigurationList;
			buildConfigurations = (
				21DF0EF8287DA22D004FE679 /* Debug */,
				21DF0EF9287DA22D004FE679 /* Release */,
			);
			defaultConfigurationIsVisible = 0;
			defaultConfigurationName = Release;
		};
		21DF0EFA287DA22D004FE679 /* Build configuration list for PBXNativeTarget "NavigateWithSwiftUIV2" */ = {
			isa = XCConfigurationList;
			buildConfigurations = (
				21DF0EFB287DA22D004FE679 /* Debug */,
				21DF0EFC287DA22D004FE679 /* Release */,
			);
			defaultConfigurationIsVisible = 0;
			defaultConfigurationName = Release;
		};
		21DF0EFD287DA22D004FE679 /* Build configuration list for PBXNativeTarget "NavigateWithSwiftUIV2Tests" */ = {
			isa = XCConfigurationList;
			buildConfigurations = (
				21DF0EFE287DA22D004FE679 /* Debug */,
				21DF0EFF287DA22D004FE679 /* Release */,
			);
			defaultConfigurationIsVisible = 0;
			defaultConfigurationName = Release;
		};
		21DF0F00287DA22D004FE679 /* Build configuration list for PBXNativeTarget "NavigateWithSwiftUIV2UITests" */ = {
			isa = XCConfigurationList;
			buildConfigurations = (
				21DF0F01287DA22D004FE679 /* Debug */,
				21DF0F02287DA22D004FE679 /* Release */,
			);
			defaultConfigurationIsVisible = 0;
			defaultConfigurationName = Release;
		};
/* End XCConfigurationList section */
	};
	rootObject = 21DF0ECE287DA22A004FE679 /* Project object */;
}
